
Microsoft Visual Studio Solution File, Format Version 12.00
# Visual Studio 15
VisualStudioVersion = 15.0.28307.271
MinimumVisualStudioVersion = 10.0.40219.1
Project("{FAE04EC0-301F-11D3-BF4B-00C04F79EFBC}") = "GeneSIPs", "GeneSIPs\GeneSIPs.csproj", "{3DF2F7C4-A9E4-4779-B474-99B81551AE6D}"
EndProject
Project("{FAE04EC0-301F-11D3-BF4B-00C04F79EFBC}") = "GeneTests", "GeneTests\GeneTests.csproj", "{589A723B-AB49-4816-BF5B-9D965454B14F}"
EndProject
Global
	GlobalSection(SolutionConfigurationPlatforms) = preSolution
		Debug|Any CPU = Debug|Any CPU
		Release|Any CPU = Release|Any CPU
	EndGlobalSection
	GlobalSection(ProjectConfigurationPlatforms) = postSolution
		{3DF2F7C4-A9E4-4779-B474-99B81551AE6D}.Debug|Any CPU.ActiveCfg = Debug|Any CPU
		{3DF2F7C4-A9E4-4779-B474-99B81551AE6D}.Debug|Any CPU.Build.0 = Debug|Any CPU
		{3DF2F7C4-A9E4-4779-B474-99B81551AE6D}.Release|Any CPU.ActiveCfg = Release|Any CPU
		{3DF2F7C4-A9E4-4779-B474-99B81551AE6D}.Release|Any CPU.Build.0 = Release|Any CPU
		{589A723B-AB49-4816-BF5B-9D965454B14F}.Debug|Any CPU.ActiveCfg = Debug|Any CPU
		{589A723B-AB49-4816-BF5B-9D965454B14F}.Debug|Any CPU.Build.0 = Debug|Any CPU
		{589A723B-AB49-4816-BF5B-9D965454B14F}.Release|Any CPU.ActiveCfg = Release|Any CPU
		{589A723B-AB49-4816-BF5B-9D965454B14F}.Release|Any CPU.Build.0 = Release|Any CPU
	EndGlobalSection
	GlobalSection(SolutionProperties) = preSolution
		HideSolutionNode = FALSE
	EndGlobalSection
	GlobalSection(ExtensibilityGlobals) = postSolution
		SolutionGuid = {1C82DDA4-7CBD-4A28-8F68-98865C26107D}
	EndGlobalSection
EndGlobal
